
Microsoft Visual Studio Solution File, Format Version 12.00
# Visual Studio Version 17
VisualStudioVersion = 17.0.31903.59
MinimumVisualStudioVersion = 10.0.40219.1
Project("{FAE04EC0-301F-11D3-BF4B-00C04F79EFBC}") = "Zogreo.Api", "src\Zogreo.Api\Zogreo.Api.csproj", "{A1B2C3D4-E5F6-7890-ABCD-EF1234567890}"
EndProject
Project("{2150E333-8FDC-42A3-9474-1A3956D46DE8}") = "src", "src", "{5101FAB7-E32D-4216-A9E6-C938573AF646}"
EndProject
Project("{FAE04EC0-301F-11D3-BF4B-00C04F79EFBC}") = "Zogreo.Domain", "src\Zogreo.Domain\Zogreo.Domain.csproj", "{FEA2624A-0B14-4DAD-9E66-0A7DF025D431}"
EndProject
Project("{FAE04EC0-301F-11D3-BF4B-00C04F79EFBC}") = "Zogreo.Application", "src\Zogreo.Application\Zogreo.Application.csproj", "{3C357163-31AD-4FBA-BC66-0B0388B61A56}"
EndProject
Project("{FAE04EC0-301F-11D3-BF4B-00C04F79EFBC}") = "Zogreo.Infrastructure", "src\Zogreo.Infrastructure\Zogreo.Infrastructure.csproj", "{A6E09444-3E93-41FA-9788-931AB482F184}"
EndProject
Global
	GlobalSection(SolutionConfigurationPlatforms) = preSolution
		Debug|Any CPU = Debug|Any CPU
		Release|Any CPU = Release|Any CPU
	EndGlobalSection
	GlobalSection(ProjectConfigurationPlatforms) = postSolution
		{A1B2C3D4-E5F6-7890-ABCD-EF1234567890}.Debug|Any CPU.ActiveCfg = Debug|Any CPU
		{A1B2C3D4-E5F6-7890-ABCD-EF1234567890}.Debug|Any CPU.Build.0 = Debug|Any CPU
		{A1B2C3D4-E5F6-7890-ABCD-EF1234567890}.Release|Any CPU.ActiveCfg = Release|Any CPU
		{A1B2C3D4-E5F6-7890-ABCD-EF1234567890}.Release|Any CPU.Build.0 = Release|Any CPU
		{FEA2624A-0B14-4DAD-9E66-0A7DF025D431}.Debug|Any CPU.ActiveCfg = Debug|Any CPU
		{FEA2624A-0B14-4DAD-9E66-0A7DF025D431}.Debug|Any CPU.Build.0 = Debug|Any CPU
		{FEA2624A-0B14-4DAD-9E66-0A7DF025D431}.Release|Any CPU.ActiveCfg = Release|Any CPU
		{FEA2624A-0B14-4DAD-9E66-0A7DF025D431}.Release|Any CPU.Build.0 = Release|Any CPU
		{3C357163-31AD-4FBA-BC66-0B0388B61A56}.Debug|Any CPU.ActiveCfg = Debug|Any CPU
		{3C357163-31AD-4FBA-BC66-0B0388B61A56}.Debug|Any CPU.Build.0 = Debug|Any CPU
		{3C357163-31AD-4FBA-BC66-0B0388B61A56}.Release|Any CPU.ActiveCfg = Release|Any CPU
		{3C357163-31AD-4FBA-BC66-0B0388B61A56}.Release|Any CPU.Build.0 = Release|Any CPU
		{A6E09444-3E93-41FA-9788-931AB482F184}.Debug|Any CPU.ActiveCfg = Debug|Any CPU
		{A6E09444-3E93-41FA-9788-931AB482F184}.Debug|Any CPU.Build.0 = Debug|Any CPU
		{A6E09444-3E93-41FA-9788-931AB482F184}.Release|Any CPU.ActiveCfg = Release|Any CPU
		{A6E09444-3E93-41FA-9788-931AB482F184}.Release|Any CPU.Build.0 = Release|Any CPU
	EndGlobalSection
	GlobalSection(NestedProjects) = preSolution
		{FEA2624A-0B14-4DAD-9E66-0A7DF025D431} = {5101FAB7-E32D-4216-A9E6-C938573AF646}
		{3C357163-31AD-4FBA-BC66-0B0388B61A56} = {5101FAB7-E32D-4216-A9E6-C938573AF646}
		{A6E09444-3E93-41FA-9788-931AB482F184} = {5101FAB7-E32D-4216-A9E6-C938573AF646}
	EndGlobalSection
EndGlobal
